
Microsoft Visual Studio Solution File, Format Version 12.00
# Visual Studio Version 16
VisualStudioVersion = 16.0.30907.101
MinimumVisualStudioVersion = 10.0.40219.1
Project("{9A19103F-16F7-4668-BE54-9A1E7A4F7556}") = "Kata", "Kata.csproj", "{ABAD613A-CC4C-430F-BAEF-3078BC7E343E}"
EndProject
Global
	GlobalSection(SolutionConfigurationPlatforms) = preSolution
		Debug|Any CPU = Debug|Any CPU
		Release|Any CPU = Release|Any CPU
	EndGlobalSection
	GlobalSection(ProjectConfigurationPlatforms) = postSolution
		{ABAD613A-CC4C-430F-BAEF-3078BC7E343E}.Debug|Any CPU.ActiveCfg = Debug|Any CPU
		{ABAD613A-CC4C-430F-BAEF-3078BC7E343E}.Debug|Any CPU.Build.0 = Debug|Any CPU
		{ABAD613A-CC4C-430F-BAEF-3078BC7E343E}.Release|Any CPU.ActiveCfg = Release|Any CPU
		{ABAD613A-CC4C-430F-BAEF-3078BC7E343E}.Release|Any CPU.Build.0 = Release|Any CPU
	EndGlobalSection
	GlobalSection(SolutionProperties) = preSolution
		HideSolutionNode = FALSE
	EndGlobalSection
	GlobalSection(ExtensibilityGlobals) = postSolution
		SolutionGuid = {CAF746D0-45B1-4B8C-A9E6-005B0257C10F}
	EndGlobalSection
EndGlobal
